Microsoft Visual Studio Solution File, Format Version 12.00
# Visual Studio Version 17
VisualStudioVersion = 17.9.34616.47
MinimumVisualStudioVersion = 10.0.40219.1
Project("{9A19103F-16F7-4668-BE54-9A1E7A4F7556}") = "BHD.Config", "BHD.Config\BHD.Config.csproj", "{80850076-11EB-44CA-9E21-C36DB4C60BBC}"
EndProject
Project("{9A19103F-16F7-4668-BE54-9A1E7A4F7556}") = "BHD.Logger.Core", "BHD.Logger.Core\BHD.Logger.Core.csproj", "{1EACDCEA-3711-4EA6-91BA-BC71C37913C4}"
EndProject
Project("{9A19103F-16F7-4668-BE54-9A1E7A4F7556}") = "BHD.LogsHut", "BHD.LogsHut\BHD.LogsHut.csproj", "{50BFD2C2-479C-4227-84A7-0FA1614A0E41}"
EndProject
Project("{9A19103F-16F7-4668-BE54-9A1E7A4F7556}") = "BHD.Utils", "BHD.Common\BHD.Utils.csproj", "{18595F3B-F334-4828-B9CE-2A783DCCCC4C}"
EndProject
Project("{2150E333-8FDC-42A3-9474-1A3956D46DE8}") = "Logger", "Logger", "{915A360F-815D-4369-AC07-6F6B054986DD}"
EndProject
Project("{9A19103F-16F7-4668-BE54-9A1E7A4F7556}") = "BHD.LogsSimulator", "BHD.LogsSimulator\BHD.LogsSimulator.csproj", "{5BDE5675-319A-466B-A70B-DE531E626D4E}"
EndProject
Project("{FAE04EC0-301F-11D3-BF4B-00C04F79EFBC}") = "BHD.Logger.DeepCore", "BHD.Logger.DeepCore\BHD.Logger.DeepCore.csproj", "{C59782BD-E869-4042-BA56-BE525EC160CA}"
EndProject
Global
	GlobalSection(SolutionConfigurationPlatforms) = preSolution
		Debug|Any CPU = Debug|Any CPU
		Release|Any CPU = Release|Any CPU
	EndGlobalSection
	GlobalSection(ProjectConfigurationPlatforms) = postSolution
		{80850076-11EB-44CA-9E21-C36DB4C60BBC}.Debug|Any CPU.ActiveCfg = Debug|Any CPU
		{80850076-11EB-44CA-9E21-C36DB4C60BBC}.Debug|Any CPU.Build.0 = Debug|Any CPU
		{80850076-11EB-44CA-9E21-C36DB4C60BBC}.Release|Any CPU.ActiveCfg = Release|Any CPU
		{80850076-11EB-44CA-9E21-C36DB4C60BBC}.Release|Any CPU.Build.0 = Release|Any CPU
		{1EACDCEA-3711-4EA6-91BA-BC71C37913C4}.Debug|Any CPU.ActiveCfg = Debug|Any CPU
		{1EACDCEA-3711-4EA6-91BA-BC71C37913C4}.Debug|Any CPU.Build.0 = Debug|Any CPU
		{1EACDCEA-3711-4EA6-91BA-BC71C37913C4}.Release|Any CPU.ActiveCfg = Release|Any CPU
		{1EACDCEA-3711-4EA6-91BA-BC71C37913C4}.Release|Any CPU.Build.0 = Release|Any CPU
		{50BFD2C2-479C-4227-84A7-0FA1614A0E41}.Debug|Any CPU.ActiveCfg = Debug|Any CPU
		{50BFD2C2-479C-4227-84A7-0FA1614A0E41}.Debug|Any CPU.Build.0 = Debug|Any CPU
		{50BFD2C2-479C-4227-84A7-0FA1614A0E41}.Release|Any CPU.ActiveCfg = Release|Any CPU
		{50BFD2C2-479C-4227-84A7-0FA1614A0E41}.Release|Any CPU.Build.0 = Release|Any CPU
		{18595F3B-F334-4828-B9CE-2A783DCCCC4C}.Debug|Any CPU.ActiveCfg = Debug|Any CPU
		{18595F3B-F334-4828-B9CE-2A783DCCCC4C}.Debug|Any CPU.Build.0 = Debug|Any CPU
		{18595F3B-F334-4828-B9CE-2A783DCCCC4C}.Release|Any CPU.ActiveCfg = Release|Any CPU
		{18595F3B-F334-4828-B9CE-2A783DCCCC4C}.Release|Any CPU.Build.0 = Release|Any CPU
		{5BDE5675-319A-466B-A70B-DE531E626D4E}.Debug|Any CPU.ActiveCfg = Debug|Any CPU
		{5BDE5675-319A-466B-A70B-DE531E626D4E}.Debug|Any CPU.Build.0 = Debug|Any CPU
		{5BDE5675-319A-466B-A70B-DE531E626D4E}.Release|Any CPU.ActiveCfg = Release|Any CPU
		{5BDE5675-319A-466B-A70B-DE531E626D4E}.Release|Any CPU.Build.0 = Release|Any CPU
		{C59782BD-E869-4042-BA56-BE525EC160CA}.Debug|Any CPU.ActiveCfg = Debug|Any CPU
		{C59782BD-E869-4042-BA56-BE525EC160CA}.Debug|Any CPU.Build.0 = Debug|Any CPU
		{C59782BD-E869-4042-BA56-BE525EC160CA}.Release|Any CPU.ActiveCfg = Release|Any CPU
		{C59782BD-E869-4042-BA56-BE525EC160CA}.Release|Any CPU.Build.0 = Release|Any CPU
	EndGlobalSection
	GlobalSection(SolutionProperties) = preSolution
		HideSolutionNode = FALSE
	EndGlobalSection
	GlobalSection(NestedProjects) = preSolution
		{1EACDCEA-3711-4EA6-91BA-BC71C37913C4} = {915A360F-815D-4369-AC07-6F6B054986DD}
		{50BFD2C2-479C-4227-84A7-0FA1614A0E41} = {915A360F-815D-4369-AC07-6F6B054986DD}
		{5BDE5675-319A-466B-A70B-DE531E626D4E} = {915A360F-815D-4369-AC07-6F6B054986DD}
		{C59782BD-E869-4042-BA56-BE525EC160CA} = {915A360F-815D-4369-AC07-6F6B054986DD}
	EndGlobalSection
	GlobalSection(ExtensibilityGlobals) = postSolution
		SolutionGuid = {7FF77D75-A6C6-4F43-927B-4F5B88399A29}
	EndGlobalSection
EndGlobal
